
Microsoft Visual Studio Solution File, Format Version 12.00
# Visual Studio Version 17
VisualStudioVersion = 17.5.33502.453
MinimumVisualStudioVersion = 10.0.40219.1
Project("{FAE04EC0-301F-11D3-BF4B-00C04F79EFBC}") = "MedInteligente_FabianCollao", "MedInteligente_FabianCollao\MedInteligente_FabianCollao.csproj", "{C94B900A-1D2B-47A8-A773-9483ACDFD10B}"
EndProject
Project("{FAE04EC0-301F-11D3-BF4B-00C04F79EFBC}") = "MedidorModel", "MedidorModel\MedidorModel.csproj", "{3D8E2A96-BA9A-4E04-ACDB-EBC61D5B400C}"
EndProject
Global
	GlobalSection(SolutionConfigurationPlatforms) = preSolution
		Debug|Any CPU = Debug|Any CPU
		Release|Any CPU = Release|Any CPU
	EndGlobalSection
	GlobalSection(ProjectConfigurationPlatforms) = postSolution
		{C94B900A-1D2B-47A8-A773-9483ACDFD10B}.Debug|Any CPU.ActiveCfg = Debug|Any CPU
		{C94B900A-1D2B-47A8-A773-9483ACDFD10B}.Debug|Any CPU.Build.0 = Debug|Any CPU
		{C94B900A-1D2B-47A8-A773-9483ACDFD10B}.Release|Any CPU.ActiveCfg = Release|Any CPU
		{C94B900A-1D2B-47A8-A773-9483ACDFD10B}.Release|Any CPU.Build.0 = Release|Any CPU
		{3D8E2A96-BA9A-4E04-ACDB-EBC61D5B400C}.Debug|Any CPU.ActiveCfg = Debug|Any CPU
		{3D8E2A96-BA9A-4E04-ACDB-EBC61D5B400C}.Debug|Any CPU.Build.0 = Debug|Any CPU
		{3D8E2A96-BA9A-4E04-ACDB-EBC61D5B400C}.Release|Any CPU.ActiveCfg = Release|Any CPU
		{3D8E2A96-BA9A-4E04-ACDB-EBC61D5B400C}.Release|Any CPU.Build.0 = Release|Any CPU
	EndGlobalSection
	GlobalSection(SolutionProperties) = preSolution
		HideSolutionNode = FALSE
	EndGlobalSection
	GlobalSection(ExtensibilityGlobals) = postSolution
		SolutionGuid = {77961691-46EF-42DF-B523-272F1DDC87D7}
	EndGlobalSection
EndGlobal
